
Microsoft Visual Studio Solution File, Format Version 12.00
# Visual Studio 15
Project("{FAE04EC0-301F-11D3-BF4B-00C04F79EFBC}") = "NekoGraph.Runtime", "NekoGraph.Runtime.csproj", "{5B720532-55DA-E0D9-B8F1-4B85DF25B428}"
EndProject
Project("{FAE04EC0-301F-11D3-BF4B-00C04F79EFBC}") = "NekoGraph.Editor", "NekoGraph.Editor.csproj", "{6F2FFAFA-CD5E-18EE-23D3-A507D5736045}"
EndProject
Project("{FAE04EC0-301F-11D3-BF4B-00C04F79EFBC}") = "SpaceTUI", "SpaceTUI.csproj", "{47424925-785F-09A6-C6E2-723886BC0C1B}"
EndProject
Project("{FAE04EC0-301F-11D3-BF4B-00C04F79EFBC}") = "Assembly-CSharp", "Assembly-CSharp.csproj", "{1B3F987B-3761-4692-D9E6-4B65CA557453}"
EndProject
Project("{FAE04EC0-301F-11D3-BF4B-00C04F79EFBC}") = "NekoGraph.GAL", "NekoGraph.GAL.csproj", "{4D4C1E7E-E32D-5234-7A36-53C3165D99D6}"
EndProject
Project("{FAE04EC0-301F-11D3-BF4B-00C04F79EFBC}") = "DOTween.Modules", "DOTween.Modules.csproj", "{88778E03-3273-BD4F-AC69-1146BB37E0AD}"
EndProject
Project("{FAE04EC0-301F-11D3-BF4B-00C04F79EFBC}") = "NekoGraph.GAL.Editor", "NekoGraph.GAL.Editor.csproj", "{187D5468-173B-299A-06B0-0B96C8B5ADA5}"
EndProject
Global
	GlobalSection(SolutionConfigurationPlatforms) = preSolution
		Debug|Any CPU = Debug|Any CPU
		Release|Any CPU = Release|Any CPU
	EndGlobalSection
	GlobalSection(ProjectConfigurationPlatforms) = postSolution
		{5B720532-55DA-E0D9-B8F1-4B85DF25B428}.Debug|Any CPU.ActiveCfg = Debug|Any CPU
		{5B720532-55DA-E0D9-B8F1-4B85DF25B428}.Debug|Any CPU.Build.0 = Debug|Any CPU
		{5B720532-55DA-E0D9-B8F1-4B85DF25B428}.Release|Any CPU.ActiveCfg = Release|Any CPU
		{5B720532-55DA-E0D9-B8F1-4B85DF25B428}.Release|Any CPU.Build.0 = Release|Any CPU
		{6F2FFAFA-CD5E-18EE-23D3-A507D5736045}.Debug|Any CPU.ActiveCfg = Debug|Any CPU
		{6F2FFAFA-CD5E-18EE-23D3-A507D5736045}.Debug|Any CPU.Build.0 = Debug|Any CPU
		{6F2FFAFA-CD5E-18EE-23D3-A507D5736045}.Release|Any CPU.ActiveCfg = Release|Any CPU
		{6F2FFAFA-CD5E-18EE-23D3-A507D5736045}.Release|Any CPU.Build.0 = Release|Any CPU
		{47424925-785F-09A6-C6E2-723886BC0C1B}.Debug|Any CPU.ActiveCfg = Debug|Any CPU
		{47424925-785F-09A6-C6E2-723886BC0C1B}.Debug|Any CPU.Build.0 = Debug|Any CPU
		{47424925-785F-09A6-C6E2-723886BC0C1B}.Release|Any CPU.ActiveCfg = Release|Any CPU
		{47424925-785F-09A6-C6E2-723886BC0C1B}.Release|Any CPU.Build.0 = Release|Any CPU
		{1B3F987B-3761-4692-D9E6-4B65CA557453}.Debug|Any CPU.ActiveCfg = Debug|Any CPU
		{1B3F987B-3761-4692-D9E6-4B65CA557453}.Debug|Any CPU.Build.0 = Debug|Any CPU
		{1B3F987B-3761-4692-D9E6-4B65CA557453}.Release|Any CPU.ActiveCfg = Release|Any CPU
		{1B3F987B-3761-4692-D9E6-4B65CA557453}.Release|Any CPU.Build.0 = Release|Any CPU
		{4D4C1E7E-E32D-5234-7A36-53C3165D99D6}.Debug|Any CPU.ActiveCfg = Debug|Any CPU
		{4D4C1E7E-E32D-5234-7A36-53C3165D99D6}.Debug|Any CPU.Build.0 = Debug|Any CPU
		{4D4C1E7E-E32D-5234-7A36-53C3165D99D6}.Release|Any CPU.ActiveCfg = Release|Any CPU
		{4D4C1E7E-E32D-5234-7A36-53C3165D99D6}.Release|Any CPU.Build.0 = Release|Any CPU
		{88778E03-3273-BD4F-AC69-1146BB37E0AD}.Debug|Any CPU.ActiveCfg = Debug|Any CPU
		{88778E03-3273-BD4F-AC69-1146BB37E0AD}.Debug|Any CPU.Build.0 = Debug|Any CPU
		{88778E03-3273-BD4F-AC69-1146BB37E0AD}.Release|Any CPU.ActiveCfg = Release|Any CPU
		{88778E03-3273-BD4F-AC69-1146BB37E0AD}.Release|Any CPU.Build.0 = Release|Any CPU
		{187D5468-173B-299A-06B0-0B96C8B5ADA5}.Debug|Any CPU.ActiveCfg = Debug|Any CPU
		{187D5468-173B-299A-06B0-0B96C8B5ADA5}.Debug|Any CPU.Build.0 = Debug|Any CPU
		{187D5468-173B-299A-06B0-0B96C8B5ADA5}.Release|Any CPU.ActiveCfg = Release|Any CPU
		{187D5468-173B-299A-06B0-0B96C8B5ADA5}.Release|Any CPU.Build.0 = Release|Any CPU
	EndGlobalSection
	GlobalSection(SolutionProperties) = preSolution
		HideSolutionNode = FALSE
	EndGlobalSection
EndGlobal
